
Microsoft Visual Studio Solution File, Format Version 12.00
# Visual Studio Version 16
VisualStudioVersion = 16.0.31515.178
MinimumVisualStudioVersion = 10.0.40219.1
Project("{FAE04EC0-301F-11D3-BF4B-00C04F79EFBC}") = "Business", "Business\Business.csproj", "{E8B17F8F-A049-4316-B1B0-3797E8207ACE}"
EndProject
Project("{FAE04EC0-301F-11D3-BF4B-00C04F79EFBC}") = "DataAccess", "DataAccess\DataAccess.csproj", "{B2100A6B-4B80-4226-AC6D-798FA5EE38A3}"
EndProject
Project("{FAE04EC0-301F-11D3-BF4B-00C04F79EFBC}") = "Entities", "Entities\Entities.csproj", "{99E2D8CF-159F-4EBA-9237-1095E4F8BAE3}"
EndProject
Project("{FAE04EC0-301F-11D3-BF4B-00C04F79EFBC}") = "ConsoleUI", "ConsoleUI\ConsoleUI.csproj", "{0140988E-104B-49D5-A30B-6D3E3261B4BB}"
EndProject
Project("{FAE04EC0-301F-11D3-BF4B-00C04F79EFBC}") = "Core", "Core\Core.csproj", "{BC42FB1F-F4A1-4EAB-ABC4-64B64925AEBD}"
EndProject
Global
	GlobalSection(SolutionConfigurationPlatforms) = preSolution
		Debug|Any CPU = Debug|Any CPU
		Release|Any CPU = Release|Any CPU
	EndGlobalSection
	GlobalSection(ProjectConfigurationPlatforms) = postSolution
		{E8B17F8F-A049-4316-B1B0-3797E8207ACE}.Debug|Any CPU.ActiveCfg = Debug|Any CPU
		{E8B17F8F-A049-4316-B1B0-3797E8207ACE}.Debug|Any CPU.Build.0 = Debug|Any CPU
		{E8B17F8F-A049-4316-B1B0-3797E8207ACE}.Release|Any CPU.ActiveCfg = Release|Any CPU
		{E8B17F8F-A049-4316-B1B0-3797E8207ACE}.Release|Any CPU.Build.0 = Release|Any CPU
		{B2100A6B-4B80-4226-AC6D-798FA5EE38A3}.Debug|Any CPU.ActiveCfg = Debug|Any CPU
		{B2100A6B-4B80-4226-AC6D-798FA5EE38A3}.Debug|Any CPU.Build.0 = Debug|Any CPU
		{B2100A6B-4B80-4226-AC6D-798FA5EE38A3}.Release|Any CPU.ActiveCfg = Release|Any CPU
		{B2100A6B-4B80-4226-AC6D-798FA5EE38A3}.Release|Any CPU.Build.0 = Release|Any CPU
		{99E2D8CF-159F-4EBA-9237-1095E4F8BAE3}.Debug|Any CPU.ActiveCfg = Debug|Any CPU
		{99E2D8CF-159F-4EBA-9237-1095E4F8BAE3}.Debug|Any CPU.Build.0 = Debug|Any CPU
		{99E2D8CF-159F-4EBA-9237-1095E4F8BAE3}.Release|Any CPU.ActiveCfg = Release|Any CPU
		{99E2D8CF-159F-4EBA-9237-1095E4F8BAE3}.Release|Any CPU.Build.0 = Release|Any CPU
		{0140988E-104B-49D5-A30B-6D3E3261B4BB}.Debug|Any CPU.ActiveCfg = Debug|Any CPU
		{0140988E-104B-49D5-A30B-6D3E3261B4BB}.Debug|Any CPU.Build.0 = Debug|Any CPU
		{0140988E-104B-49D5-A30B-6D3E3261B4BB}.Release|Any CPU.ActiveCfg = Release|Any CPU
		{0140988E-104B-49D5-A30B-6D3E3261B4BB}.Release|Any CPU.Build.0 = Release|Any CPU
		{BC42FB1F-F4A1-4EAB-ABC4-64B64925AEBD}.Debug|Any CPU.ActiveCfg = Debug|Any CPU
		{BC42FB1F-F4A1-4EAB-ABC4-64B64925AEBD}.Debug|Any CPU.Build.0 = Debug|Any CPU
		{BC42FB1F-F4A1-4EAB-ABC4-64B64925AEBD}.Release|Any CPU.ActiveCfg = Release|Any CPU
		{BC42FB1F-F4A1-4EAB-ABC4-64B64925AEBD}.Release|Any CPU.Build.0 = Release|Any CPU
	EndGlobalSection
	GlobalSection(SolutionProperties) = preSolution
		HideSolutionNode = FALSE
	EndGlobalSection
	GlobalSection(ExtensibilityGlobals) = postSolution
		SolutionGuid = {CE797CAD-BDCC-4980-856E-D3EF689A25A4}
	EndGlobalSection
EndGlobal
